// !$*UTF8*$!
{
	archiveVersion = 1;
	classes = {
	};
	objectVersion = 46;
	objects = {

/* Begin PBXBuildFile section */
		22BD9D1F1CD0824300983E34 /* main.m in Sources */ = {isa = PBXBuildFile; fileRef = 22BD9D1E1CD0824300983E34 /* main.m */; };
		22BD9D221CD0824300983E34 /* AppDelegate.m in Sources */ = {isa = PBXBuildFile; fileRef = 22BD9D211CD0824300983E34 /* AppDelegate.m */; };
		22BD9D251CD0824300983E34 /* ViewController.m in Sources */ = {isa = PBXBuildFile; fileRef = 22BD9D241CD0824300983E34 /* ViewController.m */; };
		22BD9D281CD0824300983E34 /* Main.storyboard in Resources */ = {isa = PBXBuildFile; fileRef = 22BD9D261CD0824300983E34 /* Main.storyboard */; };
		22BD9D2A1CD0824300983E34 /* Assets.xcassets in Resources */ = {isa = PBXBuildFile; fileRef = 22BD9D291CD0824300983E34 /* Assets.xcassets */; };
		22BD9D2D1CD0824300983E34 /* LaunchScreen.storyboard in Resources */ = {isa = PBXBuildFile; fileRef = 22BD9D2B1CD0824300983E34 /* LaunchScreen.storyboard */; };
/* End PBXBuildFile section */

/* Begin PBXFileReference section */
		22BD9D1A1CD0824300983E34 /* CalculateApp.app */ = {isa = PBXFileReference; explicitFileType = wrapper.application; includeInIndex = 0; path = CalculateApp.app; sourceTree = BUILT_PRODUCTS_DIR; };
		22BD9D1E1CD0824300983E34 /* main.m */ = {isa = PBXFileReference; lastKnownFileType = sourcecode.c.objc; path = main.m; sourceTree = "<group>"; };
		22BD9D201CD0824300983E34 /* AppDelegate.h */ = {isa = PBXFileReference; lastKnownFileType = sourcecode.c.h; path = AppDelegate.h; sourceTree = "<group>"; };
		22BD9D211CD0824300983E34 /* AppDelegate.m */ = {isa = PBXFileReference; lastKnownFileType = sourcecode.c.objc; path = AppDelegate.m; sourceTree = "<group>"; };
		22BD9D231CD0824300983E34 /* ViewController.h */ = {isa = PBXFileReference; lastKnownFileType = sourcecode.c.h; path = ViewController.h; sourceTree = "<group>"; };
		22BD9D241CD0824300983E34 /* ViewController.m */ = {isa = PBXFileReference; lastKnownFileType = sourcecode.c.objc; path = ViewController.m; sourceTree = "<group>"; };
		22BD9D271CD0824300983E34 /* Base */ = {isa = PBXFileReference; lastKnownFileType = file.storyboard; name = Base; path = Base.lproj/Main.storyboard; sourceTree = "<group>"; };
		22BD9D291CD0824300983E34 /* Assets.xcassets */ = {isa = PBXFileReference; lastKnownFileType = folder.assetcatalog; path = Assets.xcassets; sourceTree = "<group>"; };
		22BD9D2C1CD0824300983E34 /* Base */ = {isa = PBXFileReference; lastKnownFileType = file.storyboard; name = Base; path = Base.lproj/LaunchScreen.storyboard; sourceTree = "<group>"; };
		22BD9D2E1CD0824300983E34 /* Info.plist */ = {isa = PBXFileReference; lastKnownFileType = text.plist.xml; path = Info.plist; sourceTree = "<group>"; };
/* End PBXFileReference section */

/* Begin PBXFrameworksBuildPhase section */
		22BD9D171CD0824200983E34 /* Frameworks */ = {
			isa = PBXFrameworksBuildPhase;
			buildActionMask = 2147483647;
			files = (
			);
			runOnlyForDeploymentPostprocessing = 0;
		};
/* End PBXFrameworksBuildPhase section */

/* Begin PBXGroup section */
		22BD9D111CD0824200983E34 = {
			isa = PBXGroup;
			children = (
				22BD9D1C1CD0824300983E34 /* CalculateApp */,
				22BD9D1B1CD0824300983E34 /* Products */,
			);
			sourceTree = "<group>";
		};
		22BD9D1B1CD0824300983E34 /* Products */ = {
			isa = PBXGroup;
			children = (
				22BD9D1A1CD0824300983E34 /* CalculateApp.app */,
			);
			name = Products;
			sourceTree = "<group>";
		};
		22BD9D1C1CD0824300983E34 /* CalculateApp */ = {
			isa = PBXGroup;
			children = (
				22BD9D201CD0824300983E34 /* AppDelegate.h */,
				22BD9D211CD0824300983E34 /* AppDelegate.m */,
				22BD9D231CD0824300983E34 /* ViewController.h */,
				22BD9D241CD0824300983E34 /* ViewController.m */,
				22BD9D261CD0824300983E34 /* Main.storyboard */,
				22BD9D291CD0824300983E34 /* Assets.xcassets */,
				22BD9D2B1CD0824300983E34 /* LaunchScreen.storyboard */,
				22BD9D2E1CD0824300983E34 /* Info.plist */,
				22BD9D1D1CD0824300983E34 /* Supporting Files */,
			);
			path = CalculateApp;
			sourceTree = "<group>";
		};
		22BD9D1D1CD0824300983E34 /* Supporting Files */ = {
			isa = PBXGroup;
			children = (
				22BD9D1E1CD0824300983E34 /* main.m */,
			);
			name = "Supporting Files";
			sourceTree = "<group>";
		};
/* End PBXGroup section */

/* Begin PBXNativeTarget section */
		22BD9D191CD0824200983E34 /* CalculateApp */ = {
			isa = PBXNativeTarget;
			buildConfigurationList = 22BD9D311CD0824300983E34 /* Build configuration list for PBXNativeTarget "CalculateApp" */;
			buildPhases = (
				22BD9D161CD0824200983E34 /* Sources */,
				22BD9D171CD0824200983E34 /* Frameworks */,
				22BD9D181CD0824200983E34 /* Resources */,
			);
			buildRules = (
			);
			dependencies = (
			);
			name = CalculateApp;
			productName = CalculateApp;
			productReference = 22BD9D1A1CD0824300983E34 /* CalculateApp.app */;
			productType = "com.apple.product-type.application";
		};
/* End PBXNativeTarget section */

/* Begin PBXProject section */
		22BD9D121CD0824200983E34 /* Project object */ = {
			isa = PBXProject;
			attributes = {
				LastUpgradeCheck = 0730;
				ORGANIZATIONNAME = Tim;
				TargetAttributes = {
					22BD9D191CD0824200983E34 = {
						CreatedOnToolsVersion = 7.3;
					};
				};
			};
			buildConfigurationList = 22BD9D151CD0824200983E34 /* Build configuration list for PBXProject "CalculateApp" */;
			compatibilityVersion = "Xcode 3.2";
			developmentRegion = English;
			hasScannedForEncodings = 0;
			knownRegions = (
				en,
				Base,
			);
			mainGroup = 22BD9D111CD0824200983E34;
			productRefGroup = 22BD9D1B1CD0824300983E34 /* Products */;
			projectDirPath = "";
			projectRoot = "";
			targets = (
				22BD9D191CD0824200983E34 /* CalculateApp */,
			);
		};
/* End PBXProject section */

/* Begin PBXResourcesBuildPhase section */
		22BD9D181CD0824200983E34 /* Resources */ = {
			isa = PBXResourcesBuildPhase;
			buildActionMask = 2147483647;
			files = (
				22BD9D2D1CD0824300983E34 /* LaunchScreen.storyboard in Resources */,
				22BD9D2A1CD0824300983E34 /* Assets.xcassets in Resources */,
				22BD9D281CD0824300983E34 /* Main.storyboard in Resources */,
			);
			runOnlyForDeploymentPostprocessing = 0;
		};
/* End PBXResourcesBuildPhase section */

/* Begin PBXSourcesBuildPhase section */
		22BD9D161CD0824200983E34 /* Sources */ = {
			isa = PBXSourcesBuildPhase;
			buildActionMask = 2147483647;
			files = (
				22BD9D251CD0824300983E34 /* ViewController.m in Sources */,
				22BD9D221CD0824300983E34 /* AppDelegate.m in Sources */,
				22BD9D1F1CD0824300983E34 /* main.m in Sources */,
			);
			runOnlyForDeploymentPostprocessing = 0;
		};
/* End PBXSourcesBuildPhase section */

/* Begin PBXVariantGroup section */
		22BD9D261CD0824300983E34 /* Main.storyboard */ = {
			isa = PBXVariantGroup;
			children = (
				22BD9D271CD0824300983E34 /* Base */,
			);
			name = Main.storyboard;
			sourceTree = "<group>";
		};
		22BD9D2B1CD0824300983E34 /* LaunchScreen.storyboard */ = {
			isa = PBXVariantGroup;
			children = (
				22BD9D2C1CD0824300983E34 /* Base */,
			);
			name = LaunchScreen.storyboard;
			sourceTree = "<group>";
		};
/* End PBXVariantGroup section */

/* Begin XCBuildConfiguration section */
		22BD9D2F1CD0824300983E34 /* Debug */ = {
			isa = XCBuildConfiguration;
			buildSettings = {
				ALWAYS_SEARCH_USER_PATHS = NO;
				CLANG_ANALYZER_NONNULL = YES;
				CLANG_CXX_LANGUAGE_STANDARD = "gnu++0x";
				CLANG_CXX_LIBRARY = "libc++";
				CLANG_ENABLE_MODULES = YES;
				CLANG_ENABLE_OBJC_ARC = YES;
				CLANG_WARN_BOOL_CONVERSION = YES;
				CLANG_WARN_CONSTANT_CONVERSION = YES;
				CLANG_WARN_DIRECT_OBJC_ISA_USAGE = YES_ERROR;
				CLANG_WARN_EMPTY_BODY = YES;
				CLANG_WARN_ENUM_CONVERSION = YES;
				CLANG_WARN_INT_CONVERSION = YES;
				CLANG_WARN_OBJC_ROOT_CLASS = YES_ERROR;
				CLANG_WARN_UNREACHABLE_CODE = YES;
				CLANG_WARN__DUPLICATE_METHOD_MATCH = YES;
				"CODE_SIGN_IDENTITY[sdk=iphoneos*]" = "iPhone Developer";
				COPY_PHASE_STRIP = NO;
				DEBUG_INFORMATION_FORMAT = dwarf;
				ENABLE_STRICT_OBJC_MSGSEND = YES;
				ENABLE_TESTABILITY = YES;
				GCC_C_LANGUAGE_STANDARD = gnu99;
				GCC_DYNAMIC_NO_PIC = NO;
				GCC_NO_COMMON_BLOCKS = YES;
				GCC_OPTIMIZATION_LEVEL = 0;
				GCC_PREPROCESSOR_DEFINITIONS = (
					"DEBUG=1",
					"$(inherited)",
				);
				GCC_WARN_64_TO_32_BIT_CONVERSION = YES;
				GCC_WARN_ABOUT_RETURN_TYPE = YES_ERROR;
				GCC_WARN_UNDECLARED_SELECTOR = YES;
				GCC_WARN_UNINITIALIZED_AUTOS = YES_AGGRESSIVE;
				GCC_WARN_UNUSED_FUNCTION = YES;
				GCC_WARN_UNUSED_VARIABLE = YES;
				IPHONEOS_DEPLOYMENT_TARGET = 9.3;
				MTL_ENABLE_DEBUG_INFO = YES;
				ONLY_ACTIVE_ARCH = YES;
				SDKROOT = iphoneos;
			};
			name = Debug;
		};
		22BD9D301CD0824300983E34 /* Release */ = {
			isa = XCBuildConfiguration;
			buildSettings = {
				ALWAYS_SEARCH_USER_PATHS = NO;
				CLANG_ANALYZER_NONNULL = YES;
				CLANG_CXX_LANGUAGE_STANDARD = "gnu++0x";
				CLANG_CXX_LIBRARY = "libc++";
				CLANG_ENABLE_MODULES = YES;
				CLANG_ENABLE_OBJC_ARC = YES;
				CLANG_WARN_BOOL_CONVERSION = YES;
				CLANG_WARN_CONSTANT_CONVERSION = YES;
				CLANG_WARN_DIRECT_OBJC_ISA_USAGE = YES_ERROR;
				CLANG_WARN_EMPTY_BODY = YES;
				CLANG_WARN_ENUM_CONVERSION = YES;
				CLANG_WARN_INT_CONVERSION = YES;
				CLANG_WARN_OBJC_ROOT_CLASS = YES_ERROR;
				CLANG_WARN_UNREACHABLE_CODE = YES;
				CLANG_WARN__DUPLICATE_METHOD_MATCH = YES;
				"CODE_SIGN_IDENTITY[sdk=iphoneos*]" = "iPhone Developer";
				COPY_PHASE_STRIP = NO;
				DEBUG_INFORMATION_FORMAT = "dwarf-with-dsym";
				ENABLE_NS_ASSERTIONS = NO;
				ENABLE_STRICT_OBJC_MSGSEND = YES;
				GCC_C_LANGUAGE_STANDARD = gnu99;
				GCC_NO_COMMON_BLOCKS = YES;
				GCC_WARN_64_TO_32_BIT_CONVERSION = YES;
				GCC_WARN_ABOUT_RETURN_TYPE = YES_ERROR;
				GCC_WARN_UNDECLARED_SELECTOR = YES;
				GCC_WARN_UNINITIALIZED_AUTOS = YES_AGGRESSIVE;
				GCC_WARN_UNUSED_FUNCTION = YES;
				GCC_WARN_UNUSED_VARIABLE = YES;
				IPHONEOS_DEPLOYMENT_TARGET = 9.3;
				MTL_ENABLE_DEBUG_INFO = NO;
				SDKROOT = iphoneos;
				VALIDATE_PRODUCT = YES;
			};
			name = Release;
		};
		22BD9D321CD0824300983E34 /* Debug */ = {
			isa = XCBuildConfiguration;
			buildSettings = {
				ASSETCATALOG_COMPILER_APPICON_NAME = AppIcon;
				INFOPLIST_FILE = CalculateApp/Info.plist;
				LD_RUNPATH_SEARCH_PATHS = "$(inherited) @executable_path/Frameworks";
				PRODUCT_BUNDLE_IDENTIFIER = com.tim.CalculateApp;
				PRODUCT_NAME = "$(TARGET_NAME)";
			};
			name = Debug;
		};
		22BD9D331CD0824300983E34 /* Release */ = {
			isa = XCBuildConfiguration;
			buildSettings = {
				ASSETCATALOG_COMPILER_APPICON_NAME = AppIcon;
				INFOPLIST_FILE = CalculateApp/Info.plist;
				LD_RUNPATH_SEARCH_PATHS = "$(inherited) @executable_path/Frameworks";
				PRODUCT_BUNDLE_IDENTIFIER = com.tim.CalculateApp;
				PRODUCT_NAME = "$(TARGET_NAME)";
			};
			name = Release;
		};
/* End XCBuildConfiguration section */

/* Begin XCConfigurationList section */
		22BD9D151CD0824200983E34 /* Build configuration list for PBXProject "CalculateApp" */ = {
			isa = XCConfigurationList;
			buildConfigurations = (
				22BD9D2F1CD0824300983E34 /* Debug */,
				22BD9D301CD0824300983E34 /* Release */,
			);
			defaultConfigurationIsVisible = 0;
			defaultConfigurationName = Release;
		};
		22BD9D311CD0824300983E34 /* Build configuration list for PBXNativeTarget "CalculateApp" */ = {
			isa = XCConfigurationList;
			buildConfigurations = (
				22BD9D321CD0824300983E34 /* Debug */,
				22BD9D331CD0824300983E34 /* Release */,
			);
			defaultConfigurationIsVisible = 0;
		};
/* End XCConfigurationList section */
	};
	rootObject = 22BD9D121CD0824200983E34 /* Project object */;
}
